// !$*UTF8*$!
{
	archiveVersion = 1;
	classes = {
	};
	objectVersion = 50;
	objects = {

/* Begin PBXBuildFile section */
		045D918B25C9145C001D92DC /* AppDelegate.swift in Sources */ = {isa = PBXBuildFile; fileRef = 045D918A25C9145C001D92DC /* AppDelegate.swift */; };
		045D918D25C9145C001D92DC /* SceneDelegate.swift in Sources */ = {isa = PBXBuildFile; fileRef = 045D918C25C9145C001D92DC /* SceneDelegate.swift */; };
		045D918F25C9145C001D92DC /* ViewController.swift in Sources */ = {isa = PBXBuildFile; fileRef = 045D918E25C9145C001D92DC /* ViewController.swift */; };
		045D919225C9145C001D92DC /* Main.storyboard in Resources */ = {isa = PBXBuildFile; fileRef = 045D919025C9145C001D92DC /* Main.storyboard */; };
		045D919425C9145F001D92DC /* Assets.xcassets in Resources */ = {isa = PBXBuildFile; fileRef = 045D919325C9145F001D92DC /* Assets.xcassets */; };
		045D919725C9145F001D92DC /* LaunchScreen.storyboard in Resources */ = {isa = PBXBuildFile; fileRef = 045D919525C9145F001D92DC /* LaunchScreen.storyboard */; };
		045D91A225C91460001D92DC /* GachaTests.swift in Sources */ = {isa = PBXBuildFile; fileRef = 045D91A125C91460001D92DC /* GachaTests.swift */; };
		045D91AD25C91460001D92DC /* GachaUITests.swift in Sources */ = {isa = PBXBuildFile; fileRef = 045D91AC25C91460001D92DC /* GachaUITests.swift */; };
		045D91CE25C91640001D92DC /* bg_blue@2x.png in Resources */ = {isa = PBXBuildFile; fileRef = 045D91BF25C91640001D92DC /* bg_blue@2x.png */; };
		045D91CF25C91640001D92DC /* bg_gold@2x.png in Resources */ = {isa = PBXBuildFile; fileRef = 045D91C025C91640001D92DC /* bg_gold@2x.png */; };
		045D91D025C91640001D92DC /* gacha@2x.png in Resources */ = {isa = PBXBuildFile; fileRef = 045D91C125C91640001D92DC /* gacha@2x.png */; };
		045D91D125C91640001D92DC /* bg_red@2x.png in Resources */ = {isa = PBXBuildFile; fileRef = 045D91C225C91640001D92DC /* bg_red@2x.png */; };
		045D91D225C91640001D92DC /* monster005.png in Resources */ = {isa = PBXBuildFile; fileRef = 045D91C425C91640001D92DC /* monster005.png */; };
		045D91D325C91640001D92DC /* monster010.png in Resources */ = {isa = PBXBuildFile; fileRef = 045D91C525C91640001D92DC /* monster010.png */; };
		045D91D425C91640001D92DC /* monster004.png in Resources */ = {isa = PBXBuildFile; fileRef = 045D91C625C91640001D92DC /* monster004.png */; };
		045D91D525C91640001D92DC /* monster006.png in Resources */ = {isa = PBXBuildFile; fileRef = 045D91C725C91640001D92DC /* monster006.png */; };
		045D91D625C91640001D92DC /* monster007.png in Resources */ = {isa = PBXBuildFile; fileRef = 045D91C825C91640001D92DC /* monster007.png */; };
		045D91D725C91640001D92DC /* monster003.png in Resources */ = {isa = PBXBuildFile; fileRef = 045D91C925C91640001D92DC /* monster003.png */; };
		045D91D825C91640001D92DC /* monster002.png in Resources */ = {isa = PBXBuildFile; fileRef = 045D91CA25C91640001D92DC /* monster002.png */; };
		045D91D925C91640001D92DC /* monster001.png in Resources */ = {isa = PBXBuildFile; fileRef = 045D91CB25C91640001D92DC /* monster001.png */; };
		045D91DA25C91640001D92DC /* monster009.png in Resources */ = {isa = PBXBuildFile; fileRef = 045D91CC25C91640001D92DC /* monster009.png */; };
		045D91DB25C91640001D92DC /* monster008.png in Resources */ = {isa = PBXBuildFile; fileRef = 045D91CD25C91640001D92DC /* monster008.png */; };
		045D91E025C94C3E001D92DC /* ResultViewController.swift in Sources */ = {isa = PBXBuildFile; fileRef = 045D91DF25C94C3E001D92DC /* ResultViewController.swift */; };
/* End PBXBuildFile section */

/* Begin PBXContainerItemProxy section */
		045D919E25C91460001D92DC /* PBXContainerItemProxy */ = {
			isa = PBXContainerItemProxy;
			containerPortal = 045D917F25C9145C001D92DC /* Project object */;
			proxyType = 1;
			remoteGlobalIDString = 045D918625C9145C001D92DC;
			remoteInfo = Gacha;
		};
		045D91A925C91460001D92DC /* PBXContainerItemProxy */ = {
			isa = PBXContainerItemProxy;
			containerPortal = 045D917F25C9145C001D92DC /* Project object */;
			proxyType = 1;
			remoteGlobalIDString = 045D918625C9145C001D92DC;
			remoteInfo = Gacha;
		};
/* End PBXContainerItemProxy section */

/* Begin PBXFileReference section */
		045D918725C9145C001D92DC /* Gacha.app */ = {isa = PBXFileReference; explicitFileType = wrapper.application; includeInIndex = 0; path = Gacha.app; sourceTree = BUILT_PRODUCTS_DIR; };
		045D918A25C9145C001D92DC /* AppDelegate.swift */ = {isa = PBXFileReference; lastKnownFileType = sourcecode.swift; path = AppDelegate.swift; sourceTree = "<group>"; };
		045D918C25C9145C001D92DC /* SceneDelegate.swift */ = {isa = PBXFileReference; lastKnownFileType = sourcecode.swift; path = SceneDelegate.swift; sourceTree = "<group>"; };
		045D918E25C9145C001D92DC /* ViewController.swift */ = {isa = PBXFileReference; lastKnownFileType = sourcecode.swift; path = ViewController.swift; sourceTree = "<group>"; };
		045D919125C9145C001D92DC /* Base */ = {isa = PBXFileReference; lastKnownFileType = file.storyboard; name = Base; path = Base.lproj/Main.storyboard; sourceTree = "<group>"; };
		045D919325C9145F001D92DC /* Assets.xcassets */ = {isa = PBXFileReference; lastKnownFileType = folder.assetcatalog; path = Assets.xcassets; sourceTree = "<group>"; };
		045D919625C9145F001D92DC /* Base */ = {isa = PBXFileReference; lastKnownFileType = file.storyboard; name = Base; path = Base.lproj/LaunchScreen.storyboard; sourceTree = "<group>"; };
		045D919825C9145F001D92DC /* Info.plist */ = {isa = PBXFileReference; lastKnownFileType = text.plist.xml; path = Info.plist; sourceTree = "<group>"; };
		045D919D25C91460001D92DC /* GachaTests.xctest */ = {isa = PBXFileReference; explicitFileType = wrapper.cfbundle; includeInIndex = 0; path = GachaTests.xctest; sourceTree = BUILT_PRODUCTS_DIR; };
		045D91A125C91460001D92DC /* GachaTests.swift */ = {isa = PBXFileReference; lastKnownFileType = sourcecode.swift; path = GachaTests.swift; sourceTree = "<group>"; };
		045D91A325C91460001D92DC /* Info.plist */ = {isa = PBXFileReference; lastKnownFileType = text.plist.xml; path = Info.plist; sourceTree = "<group>"; };
		045D91A825C91460001D92DC /* GachaUITests.xctest */ = {isa = PBXFileReference; explicitFileType = wrapper.cfbundle; includeInIndex = 0; path = GachaUITests.xctest; sourceTree = BUILT_PRODUCTS_DIR; };
		045D91AC25C91460001D92DC /* GachaUITests.swift */ = {isa = PBXFileReference; lastKnownFileType = sourcecode.swift; path = GachaUITests.swift; sourceTree = "<group>"; };
		045D91AE25C91460001D92DC /* Info.plist */ = {isa = PBXFileReference; lastKnownFileType = text.plist.xml; path = Info.plist; sourceTree = "<group>"; };
		045D91BF25C91640001D92DC /* bg_blue@2x.png */ = {isa = PBXFileReference; lastKnownFileType = image.png; path = "bg_blue@2x.png"; sourceTree = "<group>"; };
		045D91C025C91640001D92DC /* bg_gold@2x.png */ = {isa = PBXFileReference; lastKnownFileType = image.png; path = "bg_gold@2x.png"; sourceTree = "<group>"; };
		045D91C125C91640001D92DC /* gacha@2x.png */ = {isa = PBXFileReference; lastKnownFileType = image.png; path = "gacha@2x.png"; sourceTree = "<group>"; };
		045D91C225C91640001D92DC /* bg_red@2x.png */ = {isa = PBXFileReference; lastKnownFileType = image.png; path = "bg_red@2x.png"; sourceTree = "<group>"; };
		045D91C425C91640001D92DC /* monster005.png */ = {isa = PBXFileReference; lastKnownFileType = image.png; path = monster005.png; sourceTree = "<group>"; };
		045D91C525C91640001D92DC /* monster010.png */ = {isa = PBXFileReference; lastKnownFileType = image.png; path = monster010.png; sourceTree = "<group>"; };
		045D91C625C91640001D92DC /* monster004.png */ = {isa = PBXFileReference; lastKnownFileType = image.png; path = monster004.png; sourceTree = "<group>"; };
		045D91C725C91640001D92DC /* monster006.png */ = {isa = PBXFileReference; lastKnownFileType = image.png; path = monster006.png; sourceTree = "<group>"; };
		045D91C825C91640001D92DC /* monster007.png */ = {isa = PBXFileReference; lastKnownFileType = image.png; path = monster007.png; sourceTree = "<group>"; };
		045D91C925C91640001D92DC /* monster003.png */ = {isa = PBXFileReference; lastKnownFileType = image.png; path = monster003.png; sourceTree = "<group>"; };
		045D91CA25C91640001D92DC /* monster002.png */ = {isa = PBXFileReference; lastKnownFileType = image.png; path = monster002.png; sourceTree = "<group>"; };
		045D91CB25C91640001D92DC /* monster001.png */ = {isa = PBXFileReference; lastKnownFileType = image.png; path = monster001.png; sourceTree = "<group>"; };
		045D91CC25C91640001D92DC /* monster009.png */ = {isa = PBXFileReference; lastKnownFileType = image.png; path = monster009.png; sourceTree = "<group>"; };
		045D91CD25C91640001D92DC /* monster008.png */ = {isa = PBXFileReference; lastKnownFileType = image.png; path = monster008.png; sourceTree = "<group>"; };
		045D91DF25C94C3E001D92DC /* ResultViewController.swift */ = {isa = PBXFileReference; lastKnownFileType = sourcecode.swift; path = ResultViewController.swift; sourceTree = "<group>"; };
/* End PBXFileReference section */

/* Begin PBXFrameworksBuildPhase section */
		045D918425C9145C001D92DC /* Frameworks */ = {
			isa = PBXFrameworksBuildPhase;
			buildActionMask = 2147483647;
			files = (
			);
			runOnlyForDeploymentPostprocessing = 0;
		};
		045D919A25C91460001D92DC /* Frameworks */ = {
			isa = PBXFrameworksBuildPhase;
			buildActionMask = 2147483647;
			files = (
			);
			runOnlyForDeploymentPostprocessing = 0;
		};
		045D91A525C91460001D92DC /* Frameworks */ = {
			isa = PBXFrameworksBuildPhase;
			buildActionMask = 2147483647;
			files = (
			);
			runOnlyForDeploymentPostprocessing = 0;
		};
/* End PBXFrameworksBuildPhase section */

/* Begin PBXGroup section */
		045D917E25C9145C001D92DC = {
			isa = PBXGroup;
			children = (
				045D918925C9145C001D92DC /* Gacha */,
				045D91A025C91460001D92DC /* GachaTests */,
				045D91AB25C91460001D92DC /* GachaUITests */,
				045D918825C9145C001D92DC /* Products */,
			);
			sourceTree = "<group>";
		};
		045D918825C9145C001D92DC /* Products */ = {
			isa = PBXGroup;
			children = (
				045D918725C9145C001D92DC /* Gacha.app */,
				045D919D25C91460001D92DC /* GachaTests.xctest */,
				045D91A825C91460001D92DC /* GachaUITests.xctest */,
			);
			name = Products;
			sourceTree = "<group>";
		};
		045D918925C9145C001D92DC /* Gacha */ = {
			isa = PBXGroup;
			children = (
				045D91BD25C91640001D92DC /* GachaResources */,
				045D918A25C9145C001D92DC /* AppDelegate.swift */,
				045D918C25C9145C001D92DC /* SceneDelegate.swift */,
				045D918E25C9145C001D92DC /* ViewController.swift */,
				045D919025C9145C001D92DC /* Main.storyboard */,
				045D919325C9145F001D92DC /* Assets.xcassets */,
				045D919525C9145F001D92DC /* LaunchScreen.storyboard */,
				045D919825C9145F001D92DC /* Info.plist */,
				045D91DF25C94C3E001D92DC /* ResultViewController.swift */,
			);
			path = Gacha;
			sourceTree = "<group>";
		};
		045D91A025C91460001D92DC /* GachaTests */ = {
			isa = PBXGroup;
			children = (
				045D91A125C91460001D92DC /* GachaTests.swift */,
				045D91A325C91460001D92DC /* Info.plist */,
			);
			path = GachaTests;
			sourceTree = "<group>";
		};
		045D91AB25C91460001D92DC /* GachaUITests */ = {
			isa = PBXGroup;
			children = (
				045D91AC25C91460001D92DC /* GachaUITests.swift */,
				045D91AE25C91460001D92DC /* Info.plist */,
			);
			path = GachaUITests;
			sourceTree = "<group>";
		};
		045D91BD25C91640001D92DC /* GachaResources */ = {
			isa = PBXGroup;
			children = (
				045D91BE25C91640001D92DC /* background */,
				045D91C325C91640001D92DC /* monster */,
			);
			path = GachaResources;
			sourceTree = "<group>";
		};
		045D91BE25C91640001D92DC /* background */ = {
			isa = PBXGroup;
			children = (
				045D91BF25C91640001D92DC /* bg_blue@2x.png */,
				045D91C025C91640001D92DC /* bg_gold@2x.png */,
				045D91C125C91640001D92DC /* gacha@2x.png */,
				045D91C225C91640001D92DC /* bg_red@2x.png */,
			);
			path = background;
			sourceTree = "<group>";
		};
		045D91C325C91640001D92DC /* monster */ = {
			isa = PBXGroup;
			children = (
				045D91C425C91640001D92DC /* monster005.png */,
				045D91C525C91640001D92DC /* monster010.png */,
				045D91C625C91640001D92DC /* monster004.png */,
				045D91C725C91640001D92DC /* monster006.png */,
				045D91C825C91640001D92DC /* monster007.png */,
				045D91C925C91640001D92DC /* monster003.png */,
				045D91CA25C91640001D92DC /* monster002.png */,
				045D91CB25C91640001D92DC /* monster001.png */,
				045D91CC25C91640001D92DC /* monster009.png */,
				045D91CD25C91640001D92DC /* monster008.png */,
			);
			path = monster;
			sourceTree = "<group>";
		};
/* End PBXGroup section */

/* Begin PBXNativeTarget section */
		045D918625C9145C001D92DC /* Gacha */ = {
			isa = PBXNativeTarget;
			buildConfigurationList = 045D91B125C91460001D92DC /* Build configuration list for PBXNativeTarget "Gacha" */;
			buildPhases = (
				045D918325C9145C001D92DC /* Sources */,
				045D918425C9145C001D92DC /* Frameworks */,
				045D918525C9145C001D92DC /* Resources */,
			);
			buildRules = (
			);
			dependencies = (
			);
			name = Gacha;
			productName = Gacha;
			productReference = 045D918725C9145C001D92DC /* Gacha.app */;
			productType = "com.apple.product-type.application";
		};
		045D919C25C91460001D92DC /* GachaTests */ = {
			isa = PBXNativeTarget;
			buildConfigurationList = 045D91B425C91460001D92DC /* Build configuration list for PBXNativeTarget "GachaTests" */;
			buildPhases = (
				045D919925C91460001D92DC /* Sources */,
				045D919A25C91460001D92DC /* Frameworks */,
				045D919B25C91460001D92DC /* Resources */,
			);
			buildRules = (
			);
			dependencies = (
				045D919F25C91460001D92DC /* PBXTargetDependency */,
			);
			name = GachaTests;
			productName = GachaTests;
			productReference = 045D919D25C91460001D92DC /* GachaTests.xctest */;
			productType = "com.apple.product-type.bundle.unit-test";
		};
		045D91A725C91460001D92DC /* GachaUITests */ = {
			isa = PBXNativeTarget;
			buildConfigurationList = 045D91B725C91460001D92DC /* Build configuration list for PBXNativeTarget "GachaUITests" */;
			buildPhases = (
				045D91A425C91460001D92DC /* Sources */,
				045D91A525C91460001D92DC /* Frameworks */,
				045D91A625C91460001D92DC /* Resources */,
			);
			buildRules = (
			);
			dependencies = (
				045D91AA25C91460001D92DC /* PBXTargetDependency */,
			);
			name = GachaUITests;
			productName = GachaUITests;
			productReference = 045D91A825C91460001D92DC /* GachaUITests.xctest */;
			productType = "com.apple.product-type.bundle.ui-testing";
		};
/* End PBXNativeTarget section */

/* Begin PBXProject section */
		045D917F25C9145C001D92DC /* Project object */ = {
			isa = PBXProject;
			attributes = {
				LastSwiftUpdateCheck = 1240;
				LastUpgradeCheck = 1240;
				TargetAttributes = {
					045D918625C9145C001D92DC = {
						CreatedOnToolsVersion = 12.4;
					};
					045D919C25C91460001D92DC = {
						CreatedOnToolsVersion = 12.4;
						TestTargetID = 045D918625C9145C001D92DC;
					};
					045D91A725C91460001D92DC = {
						CreatedOnToolsVersion = 12.4;
						TestTargetID = 045D918625C9145C001D92DC;
					};
				};
			};
			buildConfigurationList = 045D918225C9145C001D92DC /* Build configuration list for PBXProject "Gacha" */;
			compatibilityVersion = "Xcode 9.3";
			developmentRegion = en;
			hasScannedForEncodings = 0;
			knownRegions = (
				en,
				Base,
			);
			mainGroup = 045D917E25C9145C001D92DC;
			productRefGroup = 045D918825C9145C001D92DC /* Products */;
			projectDirPath = "";
			projectRoot = "";
			targets = (
				045D918625C9145C001D92DC /* Gacha */,
				045D919C25C91460001D92DC /* GachaTests */,
				045D91A725C91460001D92DC /* GachaUITests */,
			);
		};
/* End PBXProject section */

/* Begin PBXResourcesBuildPhase section */
		045D918525C9145C001D92DC /* Resources */ = {
			isa = PBXResourcesBuildPhase;
			buildActionMask = 2147483647;
			files = (
				045D91D125C91640001D92DC /* bg_red@2x.png in Resources */,
				045D919725C9145F001D92DC /* LaunchScreen.storyboard in Resources */,
				045D91DA25C91640001D92DC /* monster009.png in Resources */,
				045D91CF25C91640001D92DC /* bg_gold@2x.png in Resources */,
				045D91D725C91640001D92DC /* monster003.png in Resources */,
				045D91D925C91640001D92DC /* monster001.png in Resources */,
				045D91DB25C91640001D92DC /* monster008.png in Resources */,
				045D919425C9145F001D92DC /* Assets.xcassets in Resources */,
				045D91D625C91640001D92DC /* monster007.png in Resources */,
				045D91D025C91640001D92DC /* gacha@2x.png in Resources */,
				045D91D825C91640001D92DC /* monster002.png in Resources */,
				045D919225C9145C001D92DC /* Main.storyboard in Resources */,
				045D91D325C91640001D92DC /* monster010.png in Resources */,
				045D91D525C91640001D92DC /* monster006.png in Resources */,
				045D91D225C91640001D92DC /* monster005.png in Resources */,
				045D91CE25C91640001D92DC /* bg_blue@2x.png in Resources */,
				045D91D425C91640001D92DC /* monster004.png in Resources */,
			);
			runOnlyForDeploymentPostprocessing = 0;
		};
		045D919B25C91460001D92DC /* Resources */ = {
			isa = PBXResourcesBuildPhase;
			buildActionMask = 2147483647;
			files = (
			);
			runOnlyForDeploymentPostprocessing = 0;
		};
		045D91A625C91460001D92DC /* Resources */ = {
			isa = PBXResourcesBuildPhase;
			buildActionMask = 2147483647;
			files = (
			);
			runOnlyForDeploymentPostprocessing = 0;
		};
/* End PBXResourcesBuildPhase section */

/* Begin PBXSourcesBuildPhase section */
		045D918325C9145C001D92DC /* Sources */ = {
			isa = PBXSourcesBuildPhase;
			buildActionMask = 2147483647;
			files = (
				045D918F25C9145C001D92DC /* ViewController.swift in Sources */,
				045D918B25C9145C001D92DC /* AppDelegate.swift in Sources */,
				045D918D25C9145C001D92DC /* SceneDelegate.swift in Sources */,
				045D91E025C94C3E001D92DC /* ResultViewController.swift in Sources */,
			);
			runOnlyForDeploymentPostprocessing = 0;
		};
		045D919925C91460001D92DC /* Sources */ = {
			isa = PBXSourcesBuildPhase;
			buildActionMask = 2147483647;
			files = (
				045D91A225C91460001D92DC /* GachaTests.swift in Sources */,
			);
			runOnlyForDeploymentPostprocessing = 0;
		};
		045D91A425C91460001D92DC /* Sources */ = {
			isa = PBXSourcesBuildPhase;
			buildActionMask = 2147483647;
			files = (
				045D91AD25C91460001D92DC /* GachaUITests.swift in Sources */,
			);
			runOnlyForDeploymentPostprocessing = 0;
		};
/* End PBXSourcesBuildPhase section */

/* Begin PBXTargetDependency section */
		045D919F25C91460001D92DC /* PBXTargetDependency */ = {
			isa = PBXTargetDependency;
			target = 045D918625C9145C001D92DC /* Gacha */;
			targetProxy = 045D919E25C91460001D92DC /* PBXContainerItemProxy */;
		};
		045D91AA25C91460001D92DC /* PBXTargetDependency */ = {
			isa = PBXTargetDependency;
			target = 045D918625C9145C001D92DC /* Gacha */;
			targetProxy = 045D91A925C91460001D92DC /* PBXContainerItemProxy */;
		};
/* End PBXTargetDependency section */

/* Begin PBXVariantGroup section */
		045D919025C9145C001D92DC /* Main.storyboard */ = {
			isa = PBXVariantGroup;
			children = (
				045D919125C9145C001D92DC /* Base */,
			);
			name = Main.storyboard;
			sourceTree = "<group>";
		};
		045D919525C9145F001D92DC /* LaunchScreen.storyboard */ = {
			isa = PBXVariantGroup;
			children = (
				045D919625C9145F001D92DC /* Base */,
			);
			name = LaunchScreen.storyboard;
			sourceTree = "<group>";
		};
/* End PBXVariantGroup section */

/* Begin XCBuildConfiguration section */
		045D91AF25C91460001D92DC /* Debug */ = {
			isa = XCBuildConfiguration;
			buildSettings = {
				ALWAYS_SEARCH_USER_PATHS = NO;
				CLANG_ANALYZER_NONNULL = YES;
				CLANG_ANALYZER_NUMBER_OBJECT_CONVERSION = YES_AGGRESSIVE;
				CLANG_CXX_LANGUAGE_STANDARD = "gnu++14";
				CLANG_CXX_LIBRARY = "libc++";
				CLANG_ENABLE_MODULES = YES;
				CLANG_ENABLE_OBJC_ARC = YES;
				CLANG_ENABLE_OBJC_WEAK = YES;
				CLANG_WARN_BLOCK_CAPTURE_AUTORELEASING = YES;
				CLANG_WARN_BOOL_CONVERSION = YES;
				CLANG_WARN_COMMA = YES;
				CLANG_WARN_CONSTANT_CONVERSION = YES;
				CLANG_WARN_DEPRECATED_OBJC_IMPLEMENTATIONS = YES;
				CLANG_WARN_DIRECT_OBJC_ISA_USAGE = YES_ERROR;
				CLANG_WARN_DOCUMENTATION_COMMENTS = YES;
				CLANG_WARN_EMPTY_BODY = YES;
				CLANG_WARN_ENUM_CONVERSION = YES;
				CLANG_WARN_INFINITE_RECURSION = YES;
				CLANG_WARN_INT_CONVERSION = YES;
				CLANG_WARN_NON_LITERAL_NULL_CONVERSION = YES;
				CLANG_WARN_OBJC_IMPLICIT_RETAIN_SELF = YES;
				CLANG_WARN_OBJC_LITERAL_CONVERSION = YES;
				CLANG_WARN_OBJC_ROOT_CLASS = YES_ERROR;
				CLANG_WARN_QUOTED_INCLUDE_IN_FRAMEWORK_HEADER = YES;
				CLANG_WARN_RANGE_LOOP_ANALYSIS = YES;
				CLANG_WARN_STRICT_PROTOTYPES = YES;
				CLANG_WARN_SUSPICIOUS_MOVE = YES;
				CLANG_WARN_UNGUARDED_AVAILABILITY = YES_AGGRESSIVE;
				CLANG_WARN_UNREACHABLE_CODE = YES;
				CLANG_WARN__DUPLICATE_METHOD_MATCH = YES;
				COPY_PHASE_STRIP = NO;
				DEBUG_INFORMATION_FORMAT = dwarf;
				ENABLE_STRICT_OBJC_MSGSEND = YES;
				ENABLE_TESTABILITY = YES;
				GCC_C_LANGUAGE_STANDARD = gnu11;
				GCC_DYNAMIC_NO_PIC = NO;
				GCC_NO_COMMON_BLOCKS = YES;
				GCC_OPTIMIZATION_LEVEL = 0;
				GCC_PREPROCESSOR_DEFINITIONS = (
					"DEBUG=1",
					"$(inherited)",
				);
				GCC_WARN_64_TO_32_BIT_CONVERSION = YES;
				GCC_WARN_ABOUT_RETURN_TYPE = YES_ERROR;
				GCC_WARN_UNDECLARED_SELECTOR = YES;
				GCC_WARN_UNINITIALIZED_AUTOS = YES_AGGRESSIVE;
				GCC_WARN_UNUSED_FUNCTION = YES;
				GCC_WARN_UNUSED_VARIABLE = YES;
				IPHONEOS_DEPLOYMENT_TARGET = 14.4;
				MTL_ENABLE_DEBUG_INFO = INCLUDE_SOURCE;
				MTL_FAST_MATH = YES;
				ONLY_ACTIVE_ARCH = YES;
				SDKROOT = iphoneos;
				SWIFT_ACTIVE_COMPILATION_CONDITIONS = DEBUG;
				SWIFT_OPTIMIZATION_LEVEL = "-Onone";
			};
			name = Debug;
		};
		045D91B025C91460001D92DC /* Release */ = {
			isa = XCBuildConfiguration;
			buildSettings = {
				ALWAYS_SEARCH_USER_PATHS = NO;
				CLANG_ANALYZER_NONNULL = YES;
				CLANG_ANALYZER_NUMBER_OBJECT_CONVERSION = YES_AGGRESSIVE;
				CLANG_CXX_LANGUAGE_STANDARD = "gnu++14";
				CLANG_CXX_LIBRARY = "libc++";
				CLANG_ENABLE_MODULES = YES;
				CLANG_ENABLE_OBJC_ARC = YES;
				CLANG_ENABLE_OBJC_WEAK = YES;
				CLANG_WARN_BLOCK_CAPTURE_AUTORELEASING = YES;
				CLANG_WARN_BOOL_CONVERSION = YES;
				CLANG_WARN_COMMA = YES;
				CLANG_WARN_CONSTANT_CONVERSION = YES;
				CLANG_WARN_DEPRECATED_OBJC_IMPLEMENTATIONS = YES;
				CLANG_WARN_DIRECT_OBJC_ISA_USAGE = YES_ERROR;
				CLANG_WARN_DOCUMENTATION_COMMENTS = YES;
				CLANG_WARN_EMPTY_BODY = YES;
				CLANG_WARN_ENUM_CONVERSION = YES;
				CLANG_WARN_INFINITE_RECURSION = YES;
				CLANG_WARN_INT_CONVERSION = YES;
				CLANG_WARN_NON_LITERAL_NULL_CONVERSION = YES;
				CLANG_WARN_OBJC_IMPLICIT_RETAIN_SELF = YES;
				CLANG_WARN_OBJC_LITERAL_CONVERSION = YES;
				CLANG_WARN_OBJC_ROOT_CLASS = YES_ERROR;
				CLANG_WARN_QUOTED_INCLUDE_IN_FRAMEWORK_HEADER = YES;
				CLANG_WARN_RANGE_LOOP_ANALYSIS = YES;
				CLANG_WARN_STRICT_PROTOTYPES = YES;
				CLANG_WARN_SUSPICIOUS_MOVE = YES;
				CLANG_WARN_UNGUARDED_AVAILABILITY = YES_AGGRESSIVE;
				CLANG_WARN_UNREACHABLE_CODE = YES;
				CLANG_WARN__DUPLICATE_METHOD_MATCH = YES;
				COPY_PHASE_STRIP = NO;
				DEBUG_INFORMATION_FORMAT = "dwarf-with-dsym";
				ENABLE_NS_ASSERTIONS = NO;
				ENABLE_STRICT_OBJC_MSGSEND = YES;
				GCC_C_LANGUAGE_STANDARD = gnu11;
				GCC_NO_COMMON_BLOCKS = YES;
				GCC_WARN_64_TO_32_BIT_CONVERSION = YES;
				GCC_WARN_ABOUT_RETURN_TYPE = YES_ERROR;
				GCC_WARN_UNDECLARED_SELECTOR = YES;
				GCC_WARN_UNINITIALIZED_AUTOS = YES_AGGRESSIVE;
				GCC_WARN_UNUSED_FUNCTION = YES;
				GCC_WARN_UNUSED_VARIABLE = YES;
				IPHONEOS_DEPLOYMENT_TARGET = 14.4;
				MTL_ENABLE_DEBUG_INFO = NO;
				MTL_FAST_MATH = YES;
				SDKROOT = iphoneos;
				SWIFT_COMPILATION_MODE = wholemodule;
				SWIFT_OPTIMIZATION_LEVEL = "-O";
				VALIDATE_PRODUCT = YES;
			};
			name = Release;
		};
		045D91B225C91460001D92DC /* Debug */ = {
			isa = XCBuildConfiguration;
			buildSettings = {
				ASSETCATALOG_COMPILER_APPICON_NAME = AppIcon;
				ASSETCATALOG_COMPILER_GLOBAL_ACCENT_COLOR_NAME = AccentColor;
				CODE_SIGN_STYLE = Automatic;
				INFOPLIST_FILE = Gacha/Info.plist;
				LD_RUNPATH_SEARCH_PATHS = (
					"$(inherited)",
					"@executable_path/Frameworks",
				);
				PRODUCT_BUNDLE_IDENTIFIER = app.goto.anchan.Gacha;
				PRODUCT_NAME = "$(TARGET_NAME)";
				SWIFT_VERSION = 5.0;
				TARGETED_DEVICE_FAMILY = "1,2";
			};
			name = Debug;
		};
		045D91B325C91460001D92DC /* Release */ = {
			isa = XCBuildConfiguration;
			buildSettings = {
				ASSETCATALOG_COMPILER_APPICON_NAME = AppIcon;
				ASSETCATALOG_COMPILER_GLOBAL_ACCENT_COLOR_NAME = AccentColor;
				CODE_SIGN_STYLE = Automatic;
				INFOPLIST_FILE = Gacha/Info.plist;
				LD_RUNPATH_SEARCH_PATHS = (
					"$(inherited)",
					"@executable_path/Frameworks",
				);
				PRODUCT_BUNDLE_IDENTIFIER = app.goto.anchan.Gacha;
				PRODUCT_NAME = "$(TARGET_NAME)";
				SWIFT_VERSION = 5.0;
				TARGETED_DEVICE_FAMILY = "1,2";
			};
			name = Release;
		};
		045D91B525C91460001D92DC /* Debug */ = {
			isa = XCBuildConfiguration;
			buildSettings = {
				ALWAYS_EMBED_SWIFT_STANDARD_LIBRARIES = YES;
				BUNDLE_LOADER = "$(TEST_HOST)";
				CODE_SIGN_STYLE = Automatic;
				INFOPLIST_FILE = GachaTests/Info.plist;
				IPHONEOS_DEPLOYMENT_TARGET = 14.4;
				LD_RUNPATH_SEARCH_PATHS = (
					"$(inherited)",
					"@executable_path/Frameworks",
					"@loader_path/Frameworks",
				);
				PRODUCT_BUNDLE_IDENTIFIER = app.goto.anchan.GachaTests;
				PRODUCT_NAME = "$(TARGET_NAME)";
				SWIFT_VERSION = 5.0;
				TARGETED_DEVICE_FAMILY = "1,2";
				TEST_HOST = "$(BUILT_PRODUCTS_DIR)/Gacha.app/Gacha";
			};
			name = Debug;
		};
		045D91B625C91460001D92DC /* Release */ = {
			isa = XCBuildConfiguration;
			buildSettings = {
				ALWAYS_EMBED_SWIFT_STANDARD_LIBRARIES = YES;
				BUNDLE_LOADER = "$(TEST_HOST)";
				CODE_SIGN_STYLE = Automatic;
				INFOPLIST_FILE = GachaTests/Info.plist;
				IPHONEOS_DEPLOYMENT_TARGET = 14.4;
				LD_RUNPATH_SEARCH_PATHS = (
					"$(inherited)",
					"@executable_path/Frameworks",
					"@loader_path/Frameworks",
				);
				PRODUCT_BUNDLE_IDENTIFIER = app.goto.anchan.GachaTests;
				PRODUCT_NAME = "$(TARGET_NAME)";
				SWIFT_VERSION = 5.0;
				TARGETED_DEVICE_FAMILY = "1,2";
				TEST_HOST = "$(BUILT_PRODUCTS_DIR)/Gacha.app/Gacha";
			};
			name = Release;
		};
		045D91B825C91460001D92DC /* Debug */ = {
			isa = XCBuildConfiguration;
			buildSettings = {
				ALWAYS_EMBED_SWIFT_STANDARD_LIBRARIES = YES;
				CODE_SIGN_STYLE = Automatic;
				INFOPLIST_FILE = GachaUITests/Info.plist;
				LD_RUNPATH_SEARCH_PATHS = (
					"$(inherited)",
					"@executable_path/Frameworks",
					"@loader_path/Frameworks",
				);
				PRODUCT_BUNDLE_IDENTIFIER = app.goto.anchan.GachaUITests;
				PRODUCT_NAME = "$(TARGET_NAME)";
				SWIFT_VERSION = 5.0;
				TARGETED_DEVICE_FAMILY = "1,2";
				TEST_TARGET_NAME = Gacha;
			};
			name = Debug;
		};
		045D91B925C91460001D92DC /* Release */ = {
			isa = XCBuildConfiguration;
			buildSettings = {
				ALWAYS_EMBED_SWIFT_STANDARD_LIBRARIES = YES;
				CODE_SIGN_STYLE = Automatic;
				INFOPLIST_FILE = GachaUITests/Info.plist;
				LD_RUNPATH_SEARCH_PATHS = (
					"$(inherited)",
					"@executable_path/Frameworks",
					"@loader_path/Frameworks",
				);
				PRODUCT_BUNDLE_IDENTIFIER = app.goto.anchan.GachaUITests;
				PRODUCT_NAME = "$(TARGET_NAME)";
				SWIFT_VERSION = 5.0;
				TARGETED_DEVICE_FAMILY = "1,2";
				TEST_TARGET_NAME = Gacha;
			};
			name = Release;
		};
/* End XCBuildConfiguration section */

/* Begin XCConfigurationList section */
		045D918225C9145C001D92DC /* Build configuration list for PBXProject "Gacha" */ = {
			isa = XCConfigurationList;
			buildConfigurations = (
				045D91AF25C91460001D92DC /* Debug */,
				045D91B025C91460001D92DC /* Release */,
			);
			defaultConfigurationIsVisible = 0;
			defaultConfigurationName = Release;
		};
		045D91B125C91460001D92DC /* Build configuration list for PBXNativeTarget "Gacha" */ = {
			isa = XCConfigurationList;
			buildConfigurations = (
				045D91B225C91460001D92DC /* Debug */,
				045D91B325C91460001D92DC /* Release */,
			);
			defaultConfigurationIsVisible = 0;
			defaultConfigurationName = Release;
		};
		045D91B425C91460001D92DC /* Build configuration list for PBXNativeTarget "GachaTests" */ = {
			isa = XCConfigurationList;
			buildConfigurations = (
				045D91B525C91460001D92DC /* Debug */,
				045D91B625C91460001D92DC /* Release */,
			);
			defaultConfigurationIsVisible = 0;
			defaultConfigurationName = Release;
		};
		045D91B725C91460001D92DC /* Build configuration list for PBXNativeTarget "GachaUITests" */ = {
			isa = XCConfigurationList;
			buildConfigurations = (
				045D91B825C91460001D92DC /* Debug */,
				045D91B925C91460001D92DC /* Release */,
			);
			defaultConfigurationIsVisible = 0;
			defaultConfigurationName = Release;
		};
/* End XCConfigurationList section */
	};
	rootObject = 045D917F25C9145C001D92DC /* Project object */;
}
